PODS:
  - MobilliumBuilders (1.4.0)
  - SwiftLint (0.45.0)
  - TinyConstraints (4.0.2)

DEPENDENCIES:
  - MobilliumBuilders
  - SwiftLint
  - TinyConstraints

SPEC REPOS:
  trunk:
    - MobilliumBuilders
    - SwiftLint
    - TinyConstraints

SPEC CHECKSUMS:
  MobilliumBuilders: 9990948aea3e132044431289dda869f524fcadac
  SwiftLint: e5c7f1fba68eccfc51509d5b2ce1699f5502e0c7
  TinyConstraints: 7b7ccc0c485bb3bb47082138ff28bc33cd49897f

PODFILE CHECKSUM: efa5ec8287d046fd7394d88c1ce22f9b4df6f2cc

COCOAPODS: 1.11.2
